<?xml version="1.0" encoding="utf-8"?>
<Project ToolsVersion="4.0" xmlns="http://schemas.microsoft.com/developer/msbuild/2003">
  <ItemGroup>
    <Filter Include="소스 파일">
      <UniqueIdentifier>{4FC737F1-C7A5-4376-A066-2A32D752A2FF}</UniqueIdentifier>
      <Extensions>cpp;c;cc;cxx;c++;cppm;ixx;def;odl;idl;hpj;bat;asm;asmx</Extensions>
    </Filter>
    <Filter Include="리소스 파일">
      <UniqueIdentifier>{67DA6AB6-F800-4c08-8B7A-83BB121AAD01}</UniqueIdentifier>
      <Extensions>rc;ico;cur;bmp;dlg;rc2;rct;bin;rgs;gif;jpg;jpeg;jpe;resx;tiff;tif;png;wav;mfcribbon-ms</Extensions>
    </Filter>
    <Filter Include="소스 파일\Scene">
      <UniqueIdentifier>{437af8b9-1ad9-46a7-8e4f-f269193e7df8}</UniqueIdentifier>
    </Filter>
    <Filter Include="소스 파일\Objects">
      <UniqueIdentifier>{ab9e1194-6888-4586-81d2-b3e20674936c}</UniqueIdentifier>
    </Filter>
    <Filter Include="소스 파일\Camera">
      <UniqueIdentifier>{e793b703-f54b-46da-9b18-f2f6bf7ca5a9}</UniqueIdentifier>
    </Filter>
    <Filter Include="소스 파일\Rendering">
      <UniqueIdentifier>{df11ee71-a393-43e6-93c9-06067e30b344}</UniqueIdentifier>
    </Filter>
    <Filter Include="소스 파일\System">
      <UniqueIdentifier>{40c78878-d816-4e90-86d1-3c76dd512e2f}</UniqueIdentifier>
    </Filter>
  </ItemGroup>
  <ItemGroup>
    <ClInclude Include="PlayScene.h">
      <Filter>소스 파일\Scene</Filter>
    </ClInclude>
    <ClInclude Include="Scene.h">
      <Filter>소스 파일\Scene</Filter>
    </ClInclude>
    <ClInclude Include="GameObject.h">
      <Filter>소스 파일\Objects</Filter>
    </ClInclude>
    <ClInclude Include="Player.h">
      <Filter>소스 파일\Objects</Filter>
    </ClInclude>
    <ClInclude Include="Camera.h">
      <Filter>소스 파일\Camera</Filter>
    </ClInclude>
    <ClInclude Include="TitleScene.h">
      <Filter>소스 파일\Scene</Filter>
    </ClInclude>
    <ClInclude Include="Mesh.h">
      <Filter>소스 파일\Rendering</Filter>
    </ClInclude>
    <ClInclude Include="PipeLine.h">
      <Filter>소스 파일\Rendering</Filter>
    </ClInclude>
    <ClInclude Include="Core.h">
      <Filter>소스 파일\System</Filter>
    </ClInclude>
    <ClInclude Include="PCH.h">
      <Filter>소스 파일\System</Filter>
    </ClInclude>
    <ClInclude Include="DirectProject.h">
      <Filter>소스 파일\System</Filter>
    </ClInclude>
    <ClInclude Include="Time.h">
      <Filter>소스 파일\System</Filter>
    </ClInclude>
    <ClInclude Include="Resource.h">
      <Filter>소스 파일</Filter>
    </ClInclude>
    <ClInclude Include="targetver.h">
      <Filter>소스 파일</Filter>
    </ClInclude>
    <ClInclude Include="Enemy.h">
      <Filter>소스 파일\Objects</Filter>
    </ClInclude>
    <ClInclude Include="LobbyScene.h">
      <Filter>소스 파일\Scene</Filter>
    </ClInclude>
  </ItemGroup>
  <ItemGroup>
    <ClCompile Include="PlayScene.cpp">
      <Filter>소스 파일\Scene</Filter>
    </ClCompile>
    <ClCompile Include="Scene.cpp">
      <Filter>소스 파일\Scene</Filter>
    </ClCompile>
    <ClCompile Include="GameObject.cpp">
      <Filter>소스 파일\Objects</Filter>
    </ClCompile>
    <ClCompile Include="Player.cpp">
      <Filter>소스 파일\Objects</Filter>
    </ClCompile>
    <ClCompile Include="Camera.cpp">
      <Filter>소스 파일\Camera</Filter>
    </ClCompile>
    <ClCompile Include="PipeLine.cpp">
      <Filter>소스 파일\Rendering</Filter>
    </ClCompile>
    <ClCompile Include="TitleScene.cpp">
      <Filter>소스 파일\Scene</Filter>
    </ClCompile>
    <ClCompile Include="Mesh.cpp">
      <Filter>소스 파일\Rendering</Filter>
    </ClCompile>
    <ClCompile Include="Core.cpp">
      <Filter>소스 파일\System</Filter>
    </ClCompile>
    <ClCompile Include="Time.cpp">
      <Filter>소스 파일\System</Filter>
    </ClCompile>
    <ClCompile Include="DirectProject.cpp">
      <Filter>소스 파일\System</Filter>
    </ClCompile>
    <ClCompile Include="PCH.cpp">
      <Filter>소스 파일\System</Filter>
    </ClCompile>
    <ClCompile Include="Enemy.cpp">
      <Filter>소스 파일\Objects</Filter>
    </ClCompile>
    <ClCompile Include="LobbyScene.cpp">
      <Filter>소스 파일\Scene</Filter>
    </ClCompile>
  </ItemGroup>
  <ItemGroup>
    <ResourceCompile Include="DirectProject.rc">
      <Filter>리소스 파일</Filter>
    </ResourceCompile>
  </ItemGroup>
  <ItemGroup>
    <Image Include="small.ico">
      <Filter>리소스 파일</Filter>
    </Image>
    <Image Include="DirectProject.ico">
      <Filter>리소스 파일</Filter>
    </Image>
  </ItemGroup>
</Project>